// !$*UTF8*$!
{
	archiveVersion = 1;
	classes = {
	};
	objectVersion = 50;
	objects = {

/* Begin PBXBuildFile section */
		551432C42441D5F700A68C46 /* AppDelegate.swift in Sources */ = {isa = PBXBuildFile; fileRef = 551432C32441D5F700A68C46 /* AppDelegate.swift */; };
		551432C62441D5F700A68C46 /* SceneDelegate.swift in Sources */ = {isa = PBXBuildFile; fileRef = 551432C52441D5F700A68C46 /* SceneDelegate.swift */; };
		551432C82441D5F700A68C46 /* ViewController.swift in Sources */ = {isa = PBXBuildFile; fileRef = 551432C72441D5F700A68C46 /* ViewController.swift */; };
		551432CB2441D5F700A68C46 /* Main.storyboard in Resources */ = {isa = PBXBuildFile; fileRef = 551432C92441D5F700A68C46 /* Main.storyboard */; };
		551432CD2441D5F800A68C46 /* Assets.xcassets in Resources */ = {isa = PBXBuildFile; fileRef = 551432CC2441D5F800A68C46 /* Assets.xcassets */; };
		551432D02441D5F800A68C46 /* LaunchScreen.storyboard in Resources */ = {isa = PBXBuildFile; fileRef = 551432CE2441D5F800A68C46 /* LaunchScreen.storyboard */; };
		551432DB2441D5F900A68C46 /* DouYuTVTests.swift in Sources */ = {isa = PBXBuildFile; fileRef = 551432DA2441D5F900A68C46 /* DouYuTVTests.swift */; };
		551432E62441D5F900A68C46 /* DouYuTVUITests.swift in Sources */ = {isa = PBXBuildFile; fileRef = 551432E52441D5F900A68C46 /* DouYuTVUITests.swift */; };
/* End PBXBuildFile section */

/* Begin PBXContainerItemProxy section */
		551432D72441D5F900A68C46 /* PBXContainerItemProxy */ = {
			isa = PBXContainerItemProxy;
			containerPortal = 551432B82441D5F700A68C46 /* Project object */;
			proxyType = 1;
			remoteGlobalIDString = 551432BF2441D5F700A68C46;
			remoteInfo = DouYuTV;
		};
		551432E22441D5F900A68C46 /* PBXContainerItemProxy */ = {
			isa = PBXContainerItemProxy;
			containerPortal = 551432B82441D5F700A68C46 /* Project object */;
			proxyType = 1;
			remoteGlobalIDString = 551432BF2441D5F700A68C46;
			remoteInfo = DouYuTV;
		};
/* End PBXContainerItemProxy section */

/* Begin PBXFileReference section */
		551432C02441D5F700A68C46 /* DouYuTV.app */ = {isa = PBXFileReference; explicitFileType = wrapper.application; includeInIndex = 0; path = DouYuTV.app; sourceTree = BUILT_PRODUCTS_DIR; };
		551432C32441D5F700A68C46 /* AppDelegate.swift */ = {isa = PBXFileReference; lastKnownFileType = sourcecode.swift; path = AppDelegate.swift; sourceTree = "<group>"; };
		551432C52441D5F700A68C46 /* SceneDelegate.swift */ = {isa = PBXFileReference; lastKnownFileType = sourcecode.swift; path = SceneDelegate.swift; sourceTree = "<group>"; };
		551432C72441D5F700A68C46 /* ViewController.swift */ = {isa = PBXFileReference; lastKnownFileType = sourcecode.swift; path = ViewController.swift; sourceTree = "<group>"; };
		551432CA2441D5F700A68C46 /* Base */ = {isa = PBXFileReference; lastKnownFileType = file.storyboard; name = Base; path = Base.lproj/Main.storyboard; sourceTree = "<group>"; };
		551432CC2441D5F800A68C46 /* Assets.xcassets */ = {isa = PBXFileReference; lastKnownFileType = folder.assetcatalog; path = Assets.xcassets; sourceTree = "<group>"; };
		551432CF2441D5F800A68C46 /* Base */ = {isa = PBXFileReference; lastKnownFileType = file.storyboard; name = Base; path = Base.lproj/LaunchScreen.storyboard; sourceTree = "<group>"; };
		551432D12441D5F800A68C46 /* Info.plist */ = {isa = PBXFileReference; lastKnownFileType = text.plist.xml; path = Info.plist; sourceTree = "<group>"; };
		551432D62441D5F900A68C46 /* DouYuTVTests.xctest */ = {isa = PBXFileReference; explicitFileType = wrapper.cfbundle; includeInIndex = 0; path = DouYuTVTests.xctest; sourceTree = BUILT_PRODUCTS_DIR; };
		551432DA2441D5F900A68C46 /* DouYuTVTests.swift */ = {isa = PBXFileReference; lastKnownFileType = sourcecode.swift; path = DouYuTVTests.swift; sourceTree = "<group>"; };
		551432DC2441D5F900A68C46 /* Info.plist */ = {isa = PBXFileReference; lastKnownFileType = text.plist.xml; path = Info.plist; sourceTree = "<group>"; };
		551432E12441D5F900A68C46 /* DouYuTVUITests.xctest */ = {isa = PBXFileReference; explicitFileType = wrapper.cfbundle; includeInIndex = 0; path = DouYuTVUITests.xctest; sourceTree = BUILT_PRODUCTS_DIR; };
		551432E52441D5F900A68C46 /* DouYuTVUITests.swift */ = {isa = PBXFileReference; lastKnownFileType = sourcecode.swift; path = DouYuTVUITests.swift; sourceTree = "<group>"; };
		551432E72441D5F900A68C46 /* Info.plist */ = {isa = PBXFileReference; lastKnownFileType = text.plist.xml; path = Info.plist; sourceTree = "<group>"; };
/* End PBXFileReference section */

/* Begin PBXFrameworksBuildPhase section */
		551432BD2441D5F700A68C46 /* Frameworks */ = {
			isa = PBXFrameworksBuildPhase;
			buildActionMask = 2147483647;
			files = (
			);
			runOnlyForDeploymentPostprocessing = 0;
		};
		551432D32441D5F900A68C46 /* Frameworks */ = {
			isa = PBXFrameworksBuildPhase;
			buildActionMask = 2147483647;
			files = (
			);
			runOnlyForDeploymentPostprocessing = 0;
		};
		551432DE2441D5F900A68C46 /* Frameworks */ = {
			isa = PBXFrameworksBuildPhase;
			buildActionMask = 2147483647;
			files = (
			);
			runOnlyForDeploymentPostprocessing = 0;
		};
/* End PBXFrameworksBuildPhase section */

/* Begin PBXGroup section */
		551432B72441D5F700A68C46 = {
			isa = PBXGroup;
			children = (
				551432C22441D5F700A68C46 /* DouYuTV */,
				551432D92441D5F900A68C46 /* DouYuTVTests */,
				551432E42441D5F900A68C46 /* DouYuTVUITests */,
				551432C12441D5F700A68C46 /* Products */,
			);
			sourceTree = "<group>";
		};
		551432C12441D5F700A68C46 /* Products */ = {
			isa = PBXGroup;
			children = (
				551432C02441D5F700A68C46 /* DouYuTV.app */,
				551432D62441D5F900A68C46 /* DouYuTVTests.xctest */,
				551432E12441D5F900A68C46 /* DouYuTVUITests.xctest */,
			);
			name = Products;
			sourceTree = "<group>";
		};
		551432C22441D5F700A68C46 /* DouYuTV */ = {
			isa = PBXGroup;
			children = (
				551432C32441D5F700A68C46 /* AppDelegate.swift */,
				551432C52441D5F700A68C46 /* SceneDelegate.swift */,
				551432C72441D5F700A68C46 /* ViewController.swift */,
				551432C92441D5F700A68C46 /* Main.storyboard */,
				551432CC2441D5F800A68C46 /* Assets.xcassets */,
				551432CE2441D5F800A68C46 /* LaunchScreen.storyboard */,
				551432D12441D5F800A68C46 /* Info.plist */,
			);
			path = DouYuTV;
			sourceTree = "<group>";
		};
		551432D92441D5F900A68C46 /* DouYuTVTests */ = {
			isa = PBXGroup;
			children = (
				551432DA2441D5F900A68C46 /* DouYuTVTests.swift */,
				551432DC2441D5F900A68C46 /* Info.plist */,
			);
			path = DouYuTVTests;
			sourceTree = "<group>";
		};
		551432E42441D5F900A68C46 /* DouYuTVUITests */ = {
			isa = PBXGroup;
			children = (
				551432E52441D5F900A68C46 /* DouYuTVUITests.swift */,
				551432E72441D5F900A68C46 /* Info.plist */,
			);
			path = DouYuTVUITests;
			sourceTree = "<group>";
		};
/* End PBXGroup section */

/* Begin PBXNativeTarget section */
		551432BF2441D5F700A68C46 /* DouYuTV */ = {
			isa = PBXNativeTarget;
			buildConfigurationList = 551432EA2441D5F900A68C46 /* Build configuration list for PBXNativeTarget "DouYuTV" */;
			buildPhases = (
				551432BC2441D5F700A68C46 /* Sources */,
				551432BD2441D5F700A68C46 /* Frameworks */,
				551432BE2441D5F700A68C46 /* Resources */,
			);
			buildRules = (
			);
			dependencies = (
			);
			name = DouYuTV;
			productName = DouYuTV;
			productReference = 551432C02441D5F700A68C46 /* DouYuTV.app */;
			productType = "com.apple.product-type.application";
		};
		551432D52441D5F900A68C46 /* DouYuTVTests */ = {
			isa = PBXNativeTarget;
			buildConfigurationList = 551432ED2441D5F900A68C46 /* Build configuration list for PBXNativeTarget "DouYuTVTests" */;
			buildPhases = (
				551432D22441D5F900A68C46 /* Sources */,
				551432D32441D5F900A68C46 /* Frameworks */,
				551432D42441D5F900A68C46 /* Resources */,
			);
			buildRules = (
			);
			dependencies = (
				551432D82441D5F900A68C46 /* PBXTargetDependency */,
			);
			name = DouYuTVTests;
			productName = DouYuTVTests;
			productReference = 551432D62441D5F900A68C46 /* DouYuTVTests.xctest */;
			productType = "com.apple.product-type.bundle.unit-test";
		};
		551432E02441D5F900A68C46 /* DouYuTVUITests */ = {
			isa = PBXNativeTarget;
			buildConfigurationList = 551432F02441D5F900A68C46 /* Build configuration list for PBXNativeTarget "DouYuTVUITests" */;
			buildPhases = (
				551432DD2441D5F900A68C46 /* Sources */,
				551432DE2441D5F900A68C46 /* Frameworks */,
				551432DF2441D5F900A68C46 /* Resources */,
			);
			buildRules = (
			);
			dependencies = (
				551432E32441D5F900A68C46 /* PBXTargetDependency */,
			);
			name = DouYuTVUITests;
			productName = DouYuTVUITests;
			productReference = 551432E12441D5F900A68C46 /* DouYuTVUITests.xctest */;
			productType = "com.apple.product-type.bundle.ui-testing";
		};
/* End PBXNativeTarget section */

/* Begin PBXProject section */
		551432B82441D5F700A68C46 /* Project object */ = {
			isa = PBXProject;
			attributes = {
				LastSwiftUpdateCheck = 1130;
				LastUpgradeCheck = 1130;
				ORGANIZATIONNAME = Spance;
				TargetAttributes = {
					551432BF2441D5F700A68C46 = {
						CreatedOnToolsVersion = 11.3.1;
					};
					551432D52441D5F900A68C46 = {
						CreatedOnToolsVersion = 11.3.1;
						TestTargetID = 551432BF2441D5F700A68C46;
					};
					551432E02441D5F900A68C46 = {
						CreatedOnToolsVersion = 11.3.1;
						TestTargetID = 551432BF2441D5F700A68C46;
					};
				};
			};
			buildConfigurationList = 551432BB2441D5F700A68C46 /* Build configuration list for PBXProject "DouYuTV" */;
			compatibilityVersion = "Xcode 9.3";
			developmentRegion = en;
			hasScannedForEncodings = 0;
			knownRegions = (
				en,
				Base,
			);
			mainGroup = 551432B72441D5F700A68C46;
			productRefGroup = 551432C12441D5F700A68C46 /* Products */;
			projectDirPath = "";
			projectRoot = "";
			targets = (
				551432BF2441D5F700A68C46 /* DouYuTV */,
				551432D52441D5F900A68C46 /* DouYuTVTests */,
				551432E02441D5F900A68C46 /* DouYuTVUITests */,
			);
		};
/* End PBXProject section */

/* Begin PBXResourcesBuildPhase section */
		551432BE2441D5F700A68C46 /* Resources */ = {
			isa = PBXResourcesBuildPhase;
			buildActionMask = 2147483647;
			files = (
				551432D02441D5F800A68C46 /* LaunchScreen.storyboard in Resources */,
				551432CD2441D5F800A68C46 /* Assets.xcassets in Resources */,
				551432CB2441D5F700A68C46 /* Main.storyboard in Resources */,
			);
			runOnlyForDeploymentPostprocessing = 0;
		};
		551432D42441D5F900A68C46 /* Resources */ = {
			isa = PBXResourcesBuildPhase;
			buildActionMask = 2147483647;
			files = (
			);
			runOnlyForDeploymentPostprocessing = 0;
		};
		551432DF2441D5F900A68C46 /* Resources */ = {
			isa = PBXResourcesBuildPhase;
			buildActionMask = 2147483647;
			files = (
			);
			runOnlyForDeploymentPostprocessing = 0;
		};
/* End PBXResourcesBuildPhase section */

/* Begin PBXSourcesBuildPhase section */
		551432BC2441D5F700A68C46 /* Sources */ = {
			isa = PBXSourcesBuildPhase;
			buildActionMask = 2147483647;
			files = (
				551432C82441D5F700A68C46 /* ViewController.swift in Sources */,
				551432C42441D5F700A68C46 /* AppDelegate.swift in Sources */,
				551432C62441D5F700A68C46 /* SceneDelegate.swift in Sources */,
			);
			runOnlyForDeploymentPostprocessing = 0;
		};
		551432D22441D5F900A68C46 /* Sources */ = {
			isa = PBXSourcesBuildPhase;
			buildActionMask = 2147483647;
			files = (
				551432DB2441D5F900A68C46 /* DouYuTVTests.swift in Sources */,
			);
			runOnlyForDeploymentPostprocessing = 0;
		};
		551432DD2441D5F900A68C46 /* Sources */ = {
			isa = PBXSourcesBuildPhase;
			buildActionMask = 2147483647;
			files = (
				551432E62441D5F900A68C46 /* DouYuTVUITests.swift in Sources */,
			);
			runOnlyForDeploymentPostprocessing = 0;
		};
/* End PBXSourcesBuildPhase section */

/* Begin PBXTargetDependency section */
		551432D82441D5F900A68C46 /* PBXTargetDependency */ = {
			isa = PBXTargetDependency;
			target = 551432BF2441D5F700A68C46 /* DouYuTV */;
			targetProxy = 551432D72441D5F900A68C46 /* PBXContainerItemProxy */;
		};
		551432E32441D5F900A68C46 /* PBXTargetDependency */ = {
			isa = PBXTargetDependency;
			target = 551432BF2441D5F700A68C46 /* DouYuTV */;
			targetProxy = 551432E22441D5F900A68C46 /* PBXContainerItemProxy */;
		};
/* End PBXTargetDependency section */

/* Begin PBXVariantGroup section */
		551432C92441D5F700A68C46 /* Main.storyboard */ = {
			isa = PBXVariantGroup;
			children = (
				551432CA2441D5F700A68C46 /* Base */,
			);
			name = Main.storyboard;
			sourceTree = "<group>";
		};
		551432CE2441D5F800A68C46 /* LaunchScreen.storyboard */ = {
			isa = PBXVariantGroup;
			children = (
				551432CF2441D5F800A68C46 /* Base */,
			);
			name = LaunchScreen.storyboard;
			sourceTree = "<group>";
		};
/* End PBXVariantGroup section */

/* Begin XCBuildConfiguration section */
		551432E82441D5F900A68C46 /* Debug */ = {
			isa = XCBuildConfiguration;
			buildSettings = {
				ALWAYS_SEARCH_USER_PATHS = NO;
				CLANG_ANALYZER_NONNULL = YES;
				CLANG_ANALYZER_NUMBER_OBJECT_CONVERSION = YES_AGGRESSIVE;
				CLANG_CXX_LANGUAGE_STANDARD = "gnu++14";
				CLANG_CXX_LIBRARY = "libc++";
				CLANG_ENABLE_MODULES = YES;
				CLANG_ENABLE_OBJC_ARC = YES;
				CLANG_ENABLE_OBJC_WEAK = YES;
				CLANG_WARN_BLOCK_CAPTURE_AUTORELEASING = YES;
				CLANG_WARN_BOOL_CONVERSION = YES;
				CLANG_WARN_COMMA = YES;
				CLANG_WARN_CONSTANT_CONVERSION = YES;
				CLANG_WARN_DEPRECATED_OBJC_IMPLEMENTATIONS = YES;
				CLANG_WARN_DIRECT_OBJC_ISA_USAGE = YES_ERROR;
				CLANG_WARN_DOCUMENTATION_COMMENTS = YES;
				CLANG_WARN_EMPTY_BODY = YES;
				CLANG_WARN_ENUM_CONVERSION = YES;
				CLANG_WARN_INFINITE_RECURSION = YES;
				CLANG_WARN_INT_CONVERSION = YES;
				CLANG_WARN_NON_LITERAL_NULL_CONVERSION = YES;
				CLANG_WARN_OBJC_IMPLICIT_RETAIN_SELF = YES;
				CLANG_WARN_OBJC_LITERAL_CONVERSION = YES;
				CLANG_WARN_OBJC_ROOT_CLASS = YES_ERROR;
				CLANG_WARN_RANGE_LOOP_ANALYSIS = YES;
				CLANG_WARN_STRICT_PROTOTYPES = YES;
				CLANG_WARN_SUSPICIOUS_MOVE = YES;
				CLANG_WARN_UNGUARDED_AVAILABILITY = YES_AGGRESSIVE;
				CLANG_WARN_UNREACHABLE_CODE = YES;
				CLANG_WARN__DUPLICATE_METHOD_MATCH = YES;
				COPY_PHASE_STRIP = NO;
				DEBUG_INFORMATION_FORMAT = dwarf;
				ENABLE_STRICT_OBJC_MSGSEND = YES;
				ENABLE_TESTABILITY = YES;
				GCC_C_LANGUAGE_STANDARD = gnu11;
				GCC_DYNAMIC_NO_PIC = NO;
				GCC_NO_COMMON_BLOCKS = YES;
				GCC_OPTIMIZATION_LEVEL = 0;
				GCC_PREPROCESSOR_DEFINITIONS = (
					"DEBUG=1",
					"$(inherited)",
				);
				GCC_WARN_64_TO_32_BIT_CONVERSION = YES;
				GCC_WARN_ABOUT_RETURN_TYPE = YES_ERROR;
				GCC_WARN_UNDECLARED_SELECTOR = YES;
				GCC_WARN_UNINITIALIZED_AUTOS = YES_AGGRESSIVE;
				GCC_WARN_UNUSED_FUNCTION = YES;
				GCC_WARN_UNUSED_VARIABLE = YES;
				IPHONEOS_DEPLOYMENT_TARGET = 13.2;
				MTL_ENABLE_DEBUG_INFO = INCLUDE_SOURCE;
				MTL_FAST_MATH = YES;
				ONLY_ACTIVE_ARCH = YES;
				SDKROOT = iphoneos;
				SWIFT_ACTIVE_COMPILATION_CONDITIONS = DEBUG;
				SWIFT_OPTIMIZATION_LEVEL = "-Onone";
			};
			name = Debug;
		};
		551432E92441D5F900A68C46 /* Release */ = {
			isa = XCBuildConfiguration;
			buildSettings = {
				ALWAYS_SEARCH_USER_PATHS = NO;
				CLANG_ANALYZER_NONNULL = YES;
				CLANG_ANALYZER_NUMBER_OBJECT_CONVERSION = YES_AGGRESSIVE;
				CLANG_CXX_LANGUAGE_STANDARD = "gnu++14";
				CLANG_CXX_LIBRARY = "libc++";
				CLANG_ENABLE_MODULES = YES;
				CLANG_ENABLE_OBJC_ARC = YES;
				CLANG_ENABLE_OBJC_WEAK = YES;
				CLANG_WARN_BLOCK_CAPTURE_AUTORELEASING = YES;
				CLANG_WARN_BOOL_CONVERSION = YES;
				CLANG_WARN_COMMA = YES;
				CLANG_WARN_CONSTANT_CONVERSION = YES;
				CLANG_WARN_DEPRECATED_OBJC_IMPLEMENTATIONS = YES;
				CLANG_WARN_DIRECT_OBJC_ISA_USAGE = YES_ERROR;
				CLANG_WARN_DOCUMENTATION_COMMENTS = YES;
				CLANG_WARN_EMPTY_BODY = YES;
				CLANG_WARN_ENUM_CONVERSION = YES;
				CLANG_WARN_INFINITE_RECURSION = YES;
				CLANG_WARN_INT_CONVERSION = YES;
				CLANG_WARN_NON_LITERAL_NULL_CONVERSION = YES;
				CLANG_WARN_OBJC_IMPLICIT_RETAIN_SELF = YES;
				CLANG_WARN_OBJC_LITERAL_CONVERSION = YES;
				CLANG_WARN_OBJC_ROOT_CLASS = YES_ERROR;
				CLANG_WARN_RANGE_LOOP_ANALYSIS = YES;
				CLANG_WARN_STRICT_PROTOTYPES = YES;
				CLANG_WARN_SUSPICIOUS_MOVE = YES;
				CLANG_WARN_UNGUARDED_AVAILABILITY = YES_AGGRESSIVE;
				CLANG_WARN_UNREACHABLE_CODE = YES;
				CLANG_WARN__DUPLICATE_METHOD_MATCH = YES;
				COPY_PHASE_STRIP = NO;
				DEBUG_INFORMATION_FORMAT = "dwarf-with-dsym";
				ENABLE_NS_ASSERTIONS = NO;
				ENABLE_STRICT_OBJC_MSGSEND = YES;
				GCC_C_LANGUAGE_STANDARD = gnu11;
				GCC_NO_COMMON_BLOCKS = YES;
				GCC_WARN_64_TO_32_BIT_CONVERSION = YES;
				GCC_WARN_ABOUT_RETURN_TYPE = YES_ERROR;
				GCC_WARN_UNDECLARED_SELECTOR = YES;
				GCC_WARN_UNINITIALIZED_AUTOS = YES_AGGRESSIVE;
				GCC_WARN_UNUSED_FUNCTION = YES;
				GCC_WARN_UNUSED_VARIABLE = YES;
				IPHONEOS_DEPLOYMENT_TARGET = 13.2;
				MTL_ENABLE_DEBUG_INFO = NO;
				MTL_FAST_MATH = YES;
				SDKROOT = iphoneos;
				SWIFT_COMPILATION_MODE = wholemodule;
				SWIFT_OPTIMIZATION_LEVEL = "-O";
				VALIDATE_PRODUCT = YES;
			};
			name = Release;
		};
		551432EB2441D5F900A68C46 /* Debug */ = {
			isa = XCBuildConfiguration;
			buildSettings = {
				ASSETCATALOG_COMPILER_APPICON_NAME = AppIcon;
				CODE_SIGN_STYLE = Automatic;
				INFOPLIST_FILE = DouYuTV/Info.plist;
				LD_RUNPATH_SEARCH_PATHS = (
					"$(inherited)",
					"@executable_path/Frameworks",
				);
				PRODUCT_BUNDLE_IDENTIFIER = com.reports.followerstracker.DouYuTV;
				PRODUCT_NAME = "$(TARGET_NAME)";
				SWIFT_VERSION = 5.0;
				TARGETED_DEVICE_FAMILY = "1,2";
			};
			name = Debug;
		};
		551432EC2441D5F900A68C46 /* Release */ = {
			isa = XCBuildConfiguration;
			buildSettings = {
				ASSETCATALOG_COMPILER_APPICON_NAME = AppIcon;
				CODE_SIGN_STYLE = Automatic;
				INFOPLIST_FILE = DouYuTV/Info.plist;
				LD_RUNPATH_SEARCH_PATHS = (
					"$(inherited)",
					"@executable_path/Frameworks",
				);
				PRODUCT_BUNDLE_IDENTIFIER = com.reports.followerstracker.DouYuTV;
				PRODUCT_NAME = "$(TARGET_NAME)";
				SWIFT_VERSION = 5.0;
				TARGETED_DEVICE_FAMILY = "1,2";
			};
			name = Release;
		};
		551432EE2441D5F900A68C46 /* Debug */ = {
			isa = XCBuildConfiguration;
			buildSettings = {
				ALWAYS_EMBED_SWIFT_STANDARD_LIBRARIES = YES;
				BUNDLE_LOADER = "$(TEST_HOST)";
				CODE_SIGN_STYLE = Automatic;
				INFOPLIST_FILE = DouYuTVTests/Info.plist;
				IPHONEOS_DEPLOYMENT_TARGET = 13.2;
				LD_RUNPATH_SEARCH_PATHS = (
					"$(inherited)",
					"@executable_path/Frameworks",
					"@loader_path/Frameworks",
				);
				PRODUCT_BUNDLE_IDENTIFIER = com.reports.followerstracker.DouYuTVTests;
				PRODUCT_NAME = "$(TARGET_NAME)";
				SWIFT_VERSION = 5.0;
				TARGETED_DEVICE_FAMILY = "1,2";
				TEST_HOST = "$(BUILT_PRODUCTS_DIR)/DouYuTV.app/DouYuTV";
			};
			name = Debug;
		};
		551432EF2441D5F900A68C46 /* Release */ = {
			isa = XCBuildConfiguration;
			buildSettings = {
				ALWAYS_EMBED_SWIFT_STANDARD_LIBRARIES = YES;
				BUNDLE_LOADER = "$(TEST_HOST)";
				CODE_SIGN_STYLE = Automatic;
				INFOPLIST_FILE = DouYuTVTests/Info.plist;
				IPHONEOS_DEPLOYMENT_TARGET = 13.2;
				LD_RUNPATH_SEARCH_PATHS = (
					"$(inherited)",
					"@executable_path/Frameworks",
					"@loader_path/Frameworks",
				);
				PRODUCT_BUNDLE_IDENTIFIER = com.reports.followerstracker.DouYuTVTests;
				PRODUCT_NAME = "$(TARGET_NAME)";
				SWIFT_VERSION = 5.0;
				TARGETED_DEVICE_FAMILY = "1,2";
				TEST_HOST = "$(BUILT_PRODUCTS_DIR)/DouYuTV.app/DouYuTV";
			};
			name = Release;
		};
		551432F12441D5F900A68C46 /* Debug */ = {
			isa = XCBuildConfiguration;
			buildSettings = {
				ALWAYS_EMBED_SWIFT_STANDARD_LIBRARIES = YES;
				CODE_SIGN_STYLE = Automatic;
				INFOPLIST_FILE = DouYuTVUITests/Info.plist;
				LD_RUNPATH_SEARCH_PATHS = (
					"$(inherited)",
					"@executable_path/Frameworks",
					"@loader_path/Frameworks",
				);
				PRODUCT_BUNDLE_IDENTIFIER = com.reports.followerstracker.DouYuTVUITests;
				PRODUCT_NAME = "$(TARGET_NAME)";
				SWIFT_VERSION = 5.0;
				TARGETED_DEVICE_FAMILY = "1,2";
				TEST_TARGET_NAME = DouYuTV;
			};
			name = Debug;
		};
		551432F22441D5F900A68C46 /* Release */ = {
			isa = XCBuildConfiguration;
			buildSettings = {
				ALWAYS_EMBED_SWIFT_STANDARD_LIBRARIES = YES;
				CODE_SIGN_STYLE = Automatic;
				INFOPLIST_FILE = DouYuTVUITests/Info.plist;
				LD_RUNPATH_SEARCH_PATHS = (
					"$(inherited)",
					"@executable_path/Frameworks",
					"@loader_path/Frameworks",
				);
				PRODUCT_BUNDLE_IDENTIFIER = com.reports.followerstracker.DouYuTVUITests;
				PRODUCT_NAME = "$(TARGET_NAME)";
				SWIFT_VERSION = 5.0;
				TARGETED_DEVICE_FAMILY = "1,2";
				TEST_TARGET_NAME = DouYuTV;
			};
			name = Release;
		};
/* End XCBuildConfiguration section */

/* Begin XCConfigurationList section */
		551432BB2441D5F700A68C46 /* Build configuration list for PBXProject "DouYuTV" */ = {
			isa = XCConfigurationList;
			buildConfigurations = (
				551432E82441D5F900A68C46 /* Debug */,
				551432E92441D5F900A68C46 /* Release */,
			);
			defaultConfigurationIsVisible = 0;
			defaultConfigurationName = Release;
		};
		551432EA2441D5F900A68C46 /* Build configuration list for PBXNativeTarget "DouYuTV" */ = {
			isa = XCConfigurationList;
			buildConfigurations = (
				551432EB2441D5F900A68C46 /* Debug */,
				551432EC2441D5F900A68C46 /* Release */,
			);
			defaultConfigurationIsVisible = 0;
			defaultConfigurationName = Release;
		};
		551432ED2441D5F900A68C46 /* Build configuration list for PBXNativeTarget "DouYuTVTests" */ = {
			isa = XCConfigurationList;
			buildConfigurations = (
				551432EE2441D5F900A68C46 /* Debug */,
				551432EF2441D5F900A68C46 /* Release */,
			);
			defaultConfigurationIsVisible = 0;
			defaultConfigurationName = Release;
		};
		551432F02441D5F900A68C46 /* Build configuration list for PBXNativeTarget "DouYuTVUITests" */ = {
			isa = XCConfigurationList;
			buildConfigurations = (
				551432F12441D5F900A68C46 /* Debug */,
				551432F22441D5F900A68C46 /* Release */,
			);
			defaultConfigurationIsVisible = 0;
			defaultConfigurationName = Release;
		};
/* End XCConfigurationList section */
	};
	rootObject = 551432B82441D5F700A68C46 /* Project object */;
}
